// !$*UTF8*$!
{
	archiveVersion = 1;
	classes = {
	};
	objectVersion = 46;
	objects = {

/* Begin PBXBuildFile section */
		670793531DD9E16800967D4B /* main.m in Sources */ = {isa = PBXBuildFile; fileRef = 670793521DD9E16800967D4B /* main.m */; };
		670793561DD9E16800967D4B /* AppDelegate.m in Sources */ = {isa = PBXBuildFile; fileRef = 670793551DD9E16800967D4B /* AppDelegate.m */; };
		670793591DD9E16800967D4B /* ViewController.m in Sources */ = {isa = PBXBuildFile; fileRef = 670793581DD9E16800967D4B /* ViewController.m */; };
		6707935C1DD9E16800967D4B /* Main.storyboard in Resources */ = {isa = PBXBuildFile; fileRef = 6707935A1DD9E16800967D4B /* Main.storyboard */; };
		6707935E1DD9E16800967D4B /* Assets.xcassets in Resources */ = {isa = PBXBuildFile; fileRef = 6707935D1DD9E16800967D4B /* Assets.xcassets */; };
		670793611DD9E16800967D4B /* LaunchScreen.storyboard in Resources */ = {isa = PBXBuildFile; fileRef = 6707935F1DD9E16800967D4B /* LaunchScreen.storyboard */; };
		6707936C1DD9E16800967D4B /* SupperzzleGameTests.m in Sources */ = {isa = PBXBuildFile; fileRef = 6707936B1DD9E16800967D4B /* SupperzzleGameTests.m */; };
		670793771DD9E16800967D4B /* SupperzzleGameUITests.m in Sources */ = {isa = PBXBuildFile; fileRef = 670793761DD9E16800967D4B /* SupperzzleGameUITests.m */; };
		6707938B1DD9E22200967D4B /* center.bmp in Resources */ = {isa = PBXBuildFile; fileRef = 670793851DD9E22200967D4B /* center.bmp */; };
		6707938C1DD9E22200967D4B /* east.bmp in Resources */ = {isa = PBXBuildFile; fileRef = 670793861DD9E22200967D4B /* east.bmp */; };
		6707938D1DD9E22200967D4B /* fafa.bmp in Resources */ = {isa = PBXBuildFile; fileRef = 670793871DD9E22200967D4B /* fafa.bmp */; };
		6707938E1DD9E22200967D4B /* north.bmp in Resources */ = {isa = PBXBuildFile; fileRef = 670793881DD9E22200967D4B /* north.bmp */; };
		6707938F1DD9E22200967D4B /* south.bmp in Resources */ = {isa = PBXBuildFile; fileRef = 670793891DD9E22200967D4B /* south.bmp */; };
		670793901DD9E22200967D4B /* west.bmp in Resources */ = {isa = PBXBuildFile; fileRef = 6707938A1DD9E22200967D4B /* west.bmp */; };
		670793921DD9E2D400967D4B /* tiao1.bmp in Resources */ = {isa = PBXBuildFile; fileRef = 670793911DD9E2D400967D4B /* tiao1.bmp */; };
/* End PBXBuildFile section */

/* Begin PBXContainerItemProxy section */
		670793681DD9E16800967D4B /* PBXContainerItemProxy */ = {
			isa = PBXContainerItemProxy;
			containerPortal = 670793461DD9E16700967D4B /* Project object */;
			proxyType = 1;
			remoteGlobalIDString = 6707934D1DD9E16800967D4B;
			remoteInfo = SupperzzleGame;
		};
		670793731DD9E16800967D4B /* PBXContainerItemProxy */ = {
			isa = PBXContainerItemProxy;
			containerPortal = 670793461DD9E16700967D4B /* Project object */;
			proxyType = 1;
			remoteGlobalIDString = 6707934D1DD9E16800967D4B;
			remoteInfo = SupperzzleGame;
		};
/* End PBXContainerItemProxy section */

/* Begin PBXFileReference section */
		6707934E1DD9E16800967D4B /* SupperzzleGame.app */ = {isa = PBXFileReference; explicitFileType = wrapper.application; includeInIndex = 0; path = SupperzzleGame.app; sourceTree = BUILT_PRODUCTS_DIR; };
		670793521DD9E16800967D4B /* main.m */ = {isa = PBXFileReference; lastKnownFileType = sourcecode.c.objc; path = main.m; sourceTree = "<group>"; };
		670793541DD9E16800967D4B /* AppDelegate.h */ = {isa = PBXFileReference; lastKnownFileType = sourcecode.c.h; path = AppDelegate.h; sourceTree = "<group>"; };
		670793551DD9E16800967D4B /* AppDelegate.m */ = {isa = PBXFileReference; lastKnownFileType = sourcecode.c.objc; path = AppDelegate.m; sourceTree = "<group>"; };
		670793571DD9E16800967D4B /* ViewController.h */ = {isa = PBXFileReference; lastKnownFileType = sourcecode.c.h; path = ViewController.h; sourceTree = "<group>"; };
		670793581DD9E16800967D4B /* ViewController.m */ = {isa = PBXFileReference; lastKnownFileType = sourcecode.c.objc; path = ViewController.m; sourceTree = "<group>"; };
		6707935B1DD9E16800967D4B /* Base */ = {isa = PBXFileReference; lastKnownFileType = file.storyboard; name = Base; path = Base.lproj/Main.storyboard; sourceTree = "<group>"; };
		6707935D1DD9E16800967D4B /* Assets.xcassets */ = {isa = PBXFileReference; lastKnownFileType = folder.assetcatalog; path = Assets.xcassets; sourceTree = "<group>"; };
		670793601DD9E16800967D4B /* Base */ = {isa = PBXFileReference; lastKnownFileType = file.storyboard; name = Base; path = Base.lproj/LaunchScreen.storyboard; sourceTree = "<group>"; };
		670793621DD9E16800967D4B /* Info.plist */ = {isa = PBXFileReference; lastKnownFileType = text.plist.xml; path = Info.plist; sourceTree = "<group>"; };
		670793671DD9E16800967D4B /* SupperzzleGameTests.xctest */ = {isa = PBXFileReference; explicitFileType = wrapper.cfbundle; includeInIndex = 0; path = SupperzzleGameTests.xctest; sourceTree = BUILT_PRODUCTS_DIR; };
		6707936B1DD9E16800967D4B /* SupperzzleGameTests.m */ = {isa = PBXFileReference; lastKnownFileType = sourcecode.c.objc; path = SupperzzleGameTests.m; sourceTree = "<group>"; };
		6707936D1DD9E16800967D4B /* Info.plist */ = {isa = PBXFileReference; lastKnownFileType = text.plist.xml; path = Info.plist; sourceTree = "<group>"; };
		670793721DD9E16800967D4B /* SupperzzleGameUITests.xctest */ = {isa = PBXFileReference; explicitFileType = wrapper.cfbundle; includeInIndex = 0; path = SupperzzleGameUITests.xctest; sourceTree = BUILT_PRODUCTS_DIR; };
		670793761DD9E16800967D4B /* SupperzzleGameUITests.m */ = {isa = PBXFileReference; lastKnownFileType = sourcecode.c.objc; path = SupperzzleGameUITests.m; sourceTree = "<group>"; };
		670793781DD9E16800967D4B /* Info.plist */ = {isa = PBXFileReference; lastKnownFileType = text.plist.xml; path = Info.plist; sourceTree = "<group>"; };
		670793851DD9E22200967D4B /* center.bmp */ = {isa = PBXFileReference; lastKnownFileType = image.bmp; path = center.bmp; sourceTree = "<group>"; };
		670793861DD9E22200967D4B /* east.bmp */ = {isa = PBXFileReference; lastKnownFileType = image.bmp; path = east.bmp; sourceTree = "<group>"; };
		670793871DD9E22200967D4B /* fafa.bmp */ = {isa = PBXFileReference; lastKnownFileType = image.bmp; path = fafa.bmp; sourceTree = "<group>"; };
		670793881DD9E22200967D4B /* north.bmp */ = {isa = PBXFileReference; lastKnownFileType = image.bmp; path = north.bmp; sourceTree = "<group>"; };
		670793891DD9E22200967D4B /* south.bmp */ = {isa = PBXFileReference; lastKnownFileType = image.bmp; path = south.bmp; sourceTree = "<group>"; };
		6707938A1DD9E22200967D4B /* west.bmp */ = {isa = PBXFileReference; lastKnownFileType = image.bmp; path = west.bmp; sourceTree = "<group>"; };
		670793911DD9E2D400967D4B /* tiao1.bmp */ = {isa = PBXFileReference; lastKnownFileType = image.bmp; path = tiao1.bmp; sourceTree = "<group>"; };
/* End PBXFileReference section */

/* Begin PBXFrameworksBuildPhase section */
		6707934B1DD9E16800967D4B /* Frameworks */ = {
			isa = PBXFrameworksBuildPhase;
			buildActionMask = 2147483647;
			files = (
			);
			runOnlyForDeploymentPostprocessing = 0;
		};
		670793641DD9E16800967D4B /* Frameworks */ = {
			isa = PBXFrameworksBuildPhase;
			buildActionMask = 2147483647;
			files = (
			);
			runOnlyForDeploymentPostprocessing = 0;
		};
		6707936F1DD9E16800967D4B /* Frameworks */ = {
			isa = PBXFrameworksBuildPhase;
			buildActionMask = 2147483647;
			files = (
			);
			runOnlyForDeploymentPostprocessing = 0;
		};
/* End PBXFrameworksBuildPhase section */

/* Begin PBXGroup section */
		670793451DD9E16700967D4B = {
			isa = PBXGroup;
			children = (
				670793501DD9E16800967D4B /* SupperzzleGame */,
				6707936A1DD9E16800967D4B /* SupperzzleGameTests */,
				670793751DD9E16800967D4B /* SupperzzleGameUITests */,
				6707934F1DD9E16800967D4B /* Products */,
			);
			sourceTree = "<group>";
		};
		6707934F1DD9E16800967D4B /* Products */ = {
			isa = PBXGroup;
			children = (
				6707934E1DD9E16800967D4B /* SupperzzleGame.app */,
				670793671DD9E16800967D4B /* SupperzzleGameTests.xctest */,
				670793721DD9E16800967D4B /* SupperzzleGameUITests.xctest */,
			);
			name = Products;
			sourceTree = "<group>";
		};
		670793501DD9E16800967D4B /* SupperzzleGame */ = {
			isa = PBXGroup;
			children = (
				670793541DD9E16800967D4B /* AppDelegate.h */,
				670793551DD9E16800967D4B /* AppDelegate.m */,
				670793571DD9E16800967D4B /* ViewController.h */,
				670793581DD9E16800967D4B /* ViewController.m */,
				6707935A1DD9E16800967D4B /* Main.storyboard */,
				6707935D1DD9E16800967D4B /* Assets.xcassets */,
				6707935F1DD9E16800967D4B /* LaunchScreen.storyboard */,
				670793621DD9E16800967D4B /* Info.plist */,
				670793511DD9E16800967D4B /* Supporting Files */,
			);
			path = SupperzzleGame;
			sourceTree = "<group>";
		};
		670793511DD9E16800967D4B /* Supporting Files */ = {
			isa = PBXGroup;
			children = (
				670793841DD9E21200967D4B /* img */,
				670793521DD9E16800967D4B /* main.m */,
			);
			name = "Supporting Files";
			sourceTree = "<group>";
		};
		6707936A1DD9E16800967D4B /* SupperzzleGameTests */ = {
			isa = PBXGroup;
			children = (
				6707936B1DD9E16800967D4B /* SupperzzleGameTests.m */,
				6707936D1DD9E16800967D4B /* Info.plist */,
			);
			path = SupperzzleGameTests;
			sourceTree = "<group>";
		};
		670793751DD9E16800967D4B /* SupperzzleGameUITests */ = {
			isa = PBXGroup;
			children = (
				670793761DD9E16800967D4B /* SupperzzleGameUITests.m */,
				670793781DD9E16800967D4B /* Info.plist */,
			);
			path = SupperzzleGameUITests;
			sourceTree = "<group>";
		};
		670793841DD9E21200967D4B /* img */ = {
			isa = PBXGroup;
			children = (
				670793911DD9E2D400967D4B /* tiao1.bmp */,
				670793851DD9E22200967D4B /* center.bmp */,
				670793861DD9E22200967D4B /* east.bmp */,
				670793871DD9E22200967D4B /* fafa.bmp */,
				670793881DD9E22200967D4B /* north.bmp */,
				670793891DD9E22200967D4B /* south.bmp */,
				6707938A1DD9E22200967D4B /* west.bmp */,
			);
			name = img;
			sourceTree = "<group>";
		};
/* End PBXGroup section */

/* Begin PBXNativeTarget section */
		6707934D1DD9E16800967D4B /* SupperzzleGame */ = {
			isa = PBXNativeTarget;
			buildConfigurationList = 6707937B1DD9E16800967D4B /* Build configuration list for PBXNativeTarget "SupperzzleGame" */;
			buildPhases = (
				6707934A1DD9E16800967D4B /* Sources */,
				6707934B1DD9E16800967D4B /* Frameworks */,
				6707934C1DD9E16800967D4B /* Resources */,
			);
			buildRules = (
			);
			dependencies = (
			);
			name = SupperzzleGame;
			productName = SupperzzleGame;
			productReference = 6707934E1DD9E16800967D4B /* SupperzzleGame.app */;
			productType = "com.apple.product-type.application";
		};
		670793661DD9E16800967D4B /* SupperzzleGameTests */ = {
			isa = PBXNativeTarget;
			buildConfigurationList = 6707937E1DD9E16800967D4B /* Build configuration list for PBXNativeTarget "SupperzzleGameTests" */;
			buildPhases = (
				670793631DD9E16800967D4B /* Sources */,
				670793641DD9E16800967D4B /* Frameworks */,
				670793651DD9E16800967D4B /* Resources */,
			);
			buildRules = (
			);
			dependencies = (
				670793691DD9E16800967D4B /* PBXTargetDependency */,
			);
			name = SupperzzleGameTests;
			productName = SupperzzleGameTests;
			productReference = 670793671DD9E16800967D4B /* SupperzzleGameTests.xctest */;
			productType = "com.apple.product-type.bundle.unit-test";
		};
		670793711DD9E16800967D4B /* SupperzzleGameUITests */ = {
			isa = PBXNativeTarget;
			buildConfigurationList = 670793811DD9E16800967D4B /* Build configuration list for PBXNativeTarget "SupperzzleGameUITests" */;
			buildPhases = (
				6707936E1DD9E16800967D4B /* Sources */,
				6707936F1DD9E16800967D4B /* Frameworks */,
				670793701DD9E16800967D4B /* Resources */,
			);
			buildRules = (
			);
			dependencies = (
				670793741DD9E16800967D4B /* PBXTargetDependency */,
			);
			name = SupperzzleGameUITests;
			productName = SupperzzleGameUITests;
			productReference = 670793721DD9E16800967D4B /* SupperzzleGameUITests.xctest */;
			productType = "com.apple.product-type.bundle.ui-testing";
		};
/* End PBXNativeTarget section */

/* Begin PBXProject section */
		670793461DD9E16700967D4B /* Project object */ = {
			isa = PBXProject;
			attributes = {
				LastUpgradeCheck = 0810;
				ORGANIZATIONNAME = Debao;
				TargetAttributes = {
					6707934D1DD9E16800967D4B = {
						CreatedOnToolsVersion = 8.1;
						ProvisioningStyle = Automatic;
					};
					670793661DD9E16800967D4B = {
						CreatedOnToolsVersion = 8.1;
						ProvisioningStyle = Automatic;
						TestTargetID = 6707934D1DD9E16800967D4B;
					};
					670793711DD9E16800967D4B = {
						CreatedOnToolsVersion = 8.1;
						ProvisioningStyle = Automatic;
						TestTargetID = 6707934D1DD9E16800967D4B;
					};
				};
			};
			buildConfigurationList = 670793491DD9E16700967D4B /* Build configuration list for PBXProject "SupperzzleGame" */;
			compatibilityVersion = "Xcode 3.2";
			developmentRegion = English;
			hasScannedForEncodings = 0;
			knownRegions = (
				en,
				Base,
			);
			mainGroup = 670793451DD9E16700967D4B;
			productRefGroup = 6707934F1DD9E16800967D4B /* Products */;
			projectDirPath = "";
			projectRoot = "";
			targets = (
				6707934D1DD9E16800967D4B /* SupperzzleGame */,
				670793661DD9E16800967D4B /* SupperzzleGameTests */,
				670793711DD9E16800967D4B /* SupperzzleGameUITests */,
			);
		};
/* End PBXProject section */

/* Begin PBXResourcesBuildPhase section */
		6707934C1DD9E16800967D4B /* Resources */ = {
			isa = PBXResourcesBuildPhase;
			buildActionMask = 2147483647;
			files = (
				670793901DD9E22200967D4B /* west.bmp in Resources */,
				6707938B1DD9E22200967D4B /* center.bmp in Resources */,
				6707938F1DD9E22200967D4B /* south.bmp in Resources */,
				6707938E1DD9E22200967D4B /* north.bmp in Resources */,
				670793611DD9E16800967D4B /* LaunchScreen.storyboard in Resources */,
				6707935E1DD9E16800967D4B /* Assets.xcassets in Resources */,
				670793921DD9E2D400967D4B /* tiao1.bmp in Resources */,
				6707938D1DD9E22200967D4B /* fafa.bmp in Resources */,
				6707938C1DD9E22200967D4B /* east.bmp in Resources */,
				6707935C1DD9E16800967D4B /* Main.storyboard in Resources */,
			);
			runOnlyForDeploymentPostprocessing = 0;
		};
		670793651DD9E16800967D4B /* Resources */ = {
			isa = PBXResourcesBuildPhase;
			buildActionMask = 2147483647;
			files = (
			);
			runOnlyForDeploymentPostprocessing = 0;
		};
		670793701DD9E16800967D4B /* Resources */ = {
			isa = PBXResourcesBuildPhase;
			buildActionMask = 2147483647;
			files = (
			);
			runOnlyForDeploymentPostprocessing = 0;
		};
/* End PBXResourcesBuildPhase section */

/* Begin PBXSourcesBuildPhase section */
		6707934A1DD9E16800967D4B /* Sources */ = {
			isa = PBXSourcesBuildPhase;
			buildActionMask = 2147483647;
			files = (
				670793591DD9E16800967D4B /* ViewController.m in Sources */,
				670793561DD9E16800967D4B /* AppDelegate.m in Sources */,
				670793531DD9E16800967D4B /* main.m in Sources */,
			);
			runOnlyForDeploymentPostprocessing = 0;
		};
		670793631DD9E16800967D4B /* Sources */ = {
			isa = PBXSourcesBuildPhase;
			buildActionMask = 2147483647;
			files = (
				6707936C1DD9E16800967D4B /* SupperzzleGameTests.m in Sources */,
			);
			runOnlyForDeploymentPostprocessing = 0;
		};
		6707936E1DD9E16800967D4B /* Sources */ = {
			isa = PBXSourcesBuildPhase;
			buildActionMask = 2147483647;
			files = (
				670793771DD9E16800967D4B /* SupperzzleGameUITests.m in Sources */,
			);
			runOnlyForDeploymentPostprocessing = 0;
		};
/* End PBXSourcesBuildPhase section */

/* Begin PBXTargetDependency section */
		670793691DD9E16800967D4B /* PBXTargetDependency */ = {
			isa = PBXTargetDependency;
			target = 6707934D1DD9E16800967D4B /* SupperzzleGame */;
			targetProxy = 670793681DD9E16800967D4B /* PBXContainerItemProxy */;
		};
		670793741DD9E16800967D4B /* PBXTargetDependency */ = {
			isa = PBXTargetDependency;
			target = 6707934D1DD9E16800967D4B /* SupperzzleGame */;
			targetProxy = 670793731DD9E16800967D4B /* PBXContainerItemProxy */;
		};
/* End PBXTargetDependency section */

/* Begin PBXVariantGroup section */
		6707935A1DD9E16800967D4B /* Main.storyboard */ = {
			isa = PBXVariantGroup;
			children = (
				6707935B1DD9E16800967D4B /* Base */,
			);
			name = Main.storyboard;
			sourceTree = "<group>";
		};
		6707935F1DD9E16800967D4B /* LaunchScreen.storyboard */ = {
			isa = PBXVariantGroup;
			children = (
				670793601DD9E16800967D4B /* Base */,
			);
			name = LaunchScreen.storyboard;
			sourceTree = "<group>";
		};
/* End PBXVariantGroup section */

/* Begin XCBuildConfiguration section */
		670793791DD9E16800967D4B /* Debug */ = {
			isa = XCBuildConfiguration;
			buildSettings = {
				ALWAYS_SEARCH_USER_PATHS = NO;
				CLANG_ANALYZER_NONNULL = YES;
				CLANG_CXX_LANGUAGE_STANDARD = "gnu++0x";
				CLANG_CXX_LIBRARY = "libc++";
				CLANG_ENABLE_MODULES = YES;
				CLANG_ENABLE_OBJC_ARC = YES;
				CLANG_WARN_BOOL_CONVERSION = YES;
				CLANG_WARN_CONSTANT_CONVERSION = YES;
				CLANG_WARN_DIRECT_OBJC_ISA_USAGE = YES_ERROR;
				CLANG_WARN_DOCUMENTATION_COMMENTS = YES;
				CLANG_WARN_EMPTY_BODY = YES;
				CLANG_WARN_ENUM_CONVERSION = YES;
				CLANG_WARN_INFINITE_RECURSION = YES;
				CLANG_WARN_INT_CONVERSION = YES;
				CLANG_WARN_OBJC_ROOT_CLASS = YES_ERROR;
				CLANG_WARN_SUSPICIOUS_MOVES = YES;
				CLANG_WARN_UNREACHABLE_CODE = YES;
				CLANG_WARN__DUPLICATE_METHOD_MATCH = YES;
				"CODE_SIGN_IDENTITY[sdk=iphoneos*]" = "iPhone Developer";
				COPY_PHASE_STRIP = NO;
				DEBUG_INFORMATION_FORMAT = dwarf;
				ENABLE_STRICT_OBJC_MSGSEND = YES;
				ENABLE_TESTABILITY = YES;
				GCC_C_LANGUAGE_STANDARD = gnu99;
				GCC_DYNAMIC_NO_PIC = NO;
				GCC_NO_COMMON_BLOCKS = YES;
				GCC_OPTIMIZATION_LEVEL = 0;
				GCC_PREPROCESSOR_DEFINITIONS = (
					"DEBUG=1",
					"$(inherited)",
				);
				GCC_WARN_64_TO_32_BIT_CONVERSION = YES;
				GCC_WARN_ABOUT_RETURN_TYPE = YES_ERROR;
				GCC_WARN_UNDECLARED_SELECTOR = YES;
				GCC_WARN_UNINITIALIZED_AUTOS = YES_AGGRESSIVE;
				GCC_WARN_UNUSED_FUNCTION = YES;
				GCC_WARN_UNUSED_VARIABLE = YES;
				IPHONEOS_DEPLOYMENT_TARGET = 10.1;
				MTL_ENABLE_DEBUG_INFO = YES;
				ONLY_ACTIVE_ARCH = YES;
				SDKROOT = iphoneos;
			};
			name = Debug;
		};
		6707937A1DD9E16800967D4B /* Release */ = {
			isa = XCBuildConfiguration;
			buildSettings = {
				ALWAYS_SEARCH_USER_PATHS = NO;
				CLANG_ANALYZER_NONNULL = YES;
				CLANG_CXX_LANGUAGE_STANDARD = "gnu++0x";
				CLANG_CXX_LIBRARY = "libc++";
				CLANG_ENABLE_MODULES = YES;
				CLANG_ENABLE_OBJC_ARC = YES;
				CLANG_WARN_BOOL_CONVERSION = YES;
				CLANG_WARN_CONSTANT_CONVERSION = YES;
				CLANG_WARN_DIRECT_OBJC_ISA_USAGE = YES_ERROR;
				CLANG_WARN_DOCUMENTATION_COMMENTS = YES;
				CLANG_WARN_EMPTY_BODY = YES;
				CLANG_WARN_ENUM_CONVERSION = YES;
				CLANG_WARN_INFINITE_RECURSION = YES;
				CLANG_WARN_INT_CONVERSION = YES;
				CLANG_WARN_OBJC_ROOT_CLASS = YES_ERROR;
				CLANG_WARN_SUSPICIOUS_MOVES = YES;
				CLANG_WARN_UNREACHABLE_CODE = YES;
				CLANG_WARN__DUPLICATE_METHOD_MATCH = YES;
				"CODE_SIGN_IDENTITY[sdk=iphoneos*]" = "iPhone Developer";
				COPY_PHASE_STRIP = NO;
				DEBUG_INFORMATION_FORMAT = "dwarf-with-dsym";
				ENABLE_NS_ASSERTIONS = NO;
				ENABLE_STRICT_OBJC_MSGSEND = YES;
				GCC_C_LANGUAGE_STANDARD = gnu99;
				GCC_NO_COMMON_BLOCKS = YES;
				GCC_WARN_64_TO_32_BIT_CONVERSION = YES;
				GCC_WARN_ABOUT_RETURN_TYPE = YES_ERROR;
				GCC_WARN_UNDECLARED_SELECTOR = YES;
				GCC_WARN_UNINITIALIZED_AUTOS = YES_AGGRESSIVE;
				GCC_WARN_UNUSED_FUNCTION = YES;
				GCC_WARN_UNUSED_VARIABLE = YES;
				IPHONEOS_DEPLOYMENT_TARGET = 10.1;
				MTL_ENABLE_DEBUG_INFO = NO;
				SDKROOT = iphoneos;
				VALIDATE_PRODUCT = YES;
			};
			name = Release;
		};
		6707937C1DD9E16800967D4B /* Debug */ = {
			isa = XCBuildConfiguration;
			buildSettings = {
				ASSETCATALOG_COMPILER_APPICON_NAME = AppIcon;
				INFOPLIST_FILE = SupperzzleGame/Info.plist;
				LD_RUNPATH_SEARCH_PATHS = "$(inherited) @executable_path/Frameworks";
				PRODUCT_BUNDLE_IDENTIFIER = com.wj.SupperzzleGame;
				PRODUCT_NAME = "$(TARGET_NAME)";
			};
			name = Debug;
		};
		6707937D1DD9E16800967D4B /* Release */ = {
			isa = XCBuildConfiguration;
			buildSettings = {
				ASSETCATALOG_COMPILER_APPICON_NAME = AppIcon;
				INFOPLIST_FILE = SupperzzleGame/Info.plist;
				LD_RUNPATH_SEARCH_PATHS = "$(inherited) @executable_path/Frameworks";
				PRODUCT_BUNDLE_IDENTIFIER = com.wj.SupperzzleGame;
				PRODUCT_NAME = "$(TARGET_NAME)";
			};
			name = Release;
		};
		6707937F1DD9E16800967D4B /* Debug */ = {
			isa = XCBuildConfiguration;
			buildSettings = {
				BUNDLE_LOADER = "$(TEST_HOST)";
				INFOPLIST_FILE = SupperzzleGameTests/Info.plist;
				LD_RUNPATH_SEARCH_PATHS = "$(inherited) @executable_path/Frameworks @loader_path/Frameworks";
				PRODUCT_BUNDLE_IDENTIFIER = com.wj.SupperzzleGameTests;
				PRODUCT_NAME = "$(TARGET_NAME)";
				TEST_HOST = "$(BUILT_PRODUCTS_DIR)/SupperzzleGame.app/SupperzzleGame";
			};
			name = Debug;
		};
		670793801DD9E16800967D4B /* Release */ = {
			isa = XCBuildConfiguration;
			buildSettings = {
				BUNDLE_LOADER = "$(TEST_HOST)";
				INFOPLIST_FILE = SupperzzleGameTests/Info.plist;
				LD_RUNPATH_SEARCH_PATHS = "$(inherited) @executable_path/Frameworks @loader_path/Frameworks";
				PRODUCT_BUNDLE_IDENTIFIER = com.wj.SupperzzleGameTests;
				PRODUCT_NAME = "$(TARGET_NAME)";
				TEST_HOST = "$(BUILT_PRODUCTS_DIR)/SupperzzleGame.app/SupperzzleGame";
			};
			name = Release;
		};
		670793821DD9E16800967D4B /* Debug */ = {
			isa = XCBuildConfiguration;
			buildSettings = {
				INFOPLIST_FILE = SupperzzleGameUITests/Info.plist;
				LD_RUNPATH_SEARCH_PATHS = "$(inherited) @executable_path/Frameworks @loader_path/Frameworks";
				PRODUCT_BUNDLE_IDENTIFIER = com.wj.SupperzzleGameUITests;
				PRODUCT_NAME = "$(TARGET_NAME)";
				TEST_TARGET_NAME = SupperzzleGame;
			};
			name = Debug;
		};
		670793831DD9E16800967D4B /* Release */ = {
			isa = XCBuildConfiguration;
			buildSettings = {
				INFOPLIST_FILE = SupperzzleGameUITests/Info.plist;
				LD_RUNPATH_SEARCH_PATHS = "$(inherited) @executable_path/Frameworks @loader_path/Frameworks";
				PRODUCT_BUNDLE_IDENTIFIER = com.wj.SupperzzleGameUITests;
				PRODUCT_NAME = "$(TARGET_NAME)";
				TEST_TARGET_NAME = SupperzzleGame;
			};
			name = Release;
		};
/* End XCBuildConfiguration section */

/* Begin XCConfigurationList section */
		670793491DD9E16700967D4B /* Build configuration list for PBXProject "SupperzzleGame" */ = {
			isa = XCConfigurationList;
			buildConfigurations = (
				670793791DD9E16800967D4B /* Debug */,
				6707937A1DD9E16800967D4B /* Release */,
			);
			defaultConfigurationIsVisible = 0;
			defaultConfigurationName = Release;
		};
		6707937B1DD9E16800967D4B /* Build configuration list for PBXNativeTarget "SupperzzleGame" */ = {
			isa = XCConfigurationList;
			buildConfigurations = (
				6707937C1DD9E16800967D4B /* Debug */,
				6707937D1DD9E16800967D4B /* Release */,
			);
			defaultConfigurationIsVisible = 0;
		};
		6707937E1DD9E16800967D4B /* Build configuration list for PBXNativeTarget "SupperzzleGameTests" */ = {
			isa = XCConfigurationList;
			buildConfigurations = (
				6707937F1DD9E16800967D4B /* Debug */,
				670793801DD9E16800967D4B /* Release */,
			);
			defaultConfigurationIsVisible = 0;
		};
		670793811DD9E16800967D4B /* Build configuration list for PBXNativeTarget "SupperzzleGameUITests" */ = {
			isa = XCConfigurationList;
			buildConfigurations = (
				670793821DD9E16800967D4B /* Debug */,
				670793831DD9E16800967D4B /* Release */,
			);
			defaultConfigurationIsVisible = 0;
		};
/* End XCConfigurationList section */
	};
	rootObject = 670793461DD9E16700967D4B /* Project object */;
}
